%{
  "bandit": {:hex, :bandit, "1.6.5", "24096d6232e0d050096acec96a0a382c44de026f9b591b883ed45497e1ef4916", [:mix], [{:hpax, "~> 1.0", [hex: :hpax, repo: "hexpm", optional: false]}, {:plug, "~> 1.14", [hex: :plug, repo: "hexpm", optional: false]}, {:telemetry, "~> 0.4 or ~> 1.0", [hex: :telemetry, repo: "hexpm", optional: false]}, {:thousand_island, "~> 1.0", [hex: :thousand_island, repo: "hexpm", optional: false]}, {:websock, "~> 0.5", [hex: :websock, repo: "hexpm", optional: false]}], "hexpm", "b6b91f630699c8b41f3f0184bd4f60b281e19a336ad9dc1a0da90637b6688332"},
  "benchee": {:hex, :benchee, "1.3.1", "c786e6a76321121a44229dde3988fc772bca73ea75170a73fd5f4ddf1af95ccf", [:mix], [{:deep_merge, "~> 1.0", [hex: :deep_merge, repo: "hexpm", optional: false]}, {:statistex, "~> 1.0", [hex: :statistex, repo: "hexpm", optional: false]}, {:table, "~> 0.1.0", [hex: :table, repo: "hexpm", optional: true]}], "hexpm", "76224c58ea1d0391c8309a8ecbfe27d71062878f59bd41a390266bf4ac1cc56d"},
  "bun": {:hex, :bun, "1.4.2", "1785d50fff1bbb561f1d7d46a39fe091b5eefa00158f6ff6dae52b55e4a5cafe", [:mix], [{:castore, ">= 0.0.0", [hex: :castore, repo: "hexpm", optional: false]}], "hexpm", "834c0965b204b9e28748fbd3596268841fefcf1649b5617a70b379dfe68ad331"},
  "castore": {:hex, :castore, "1.0.12", "053f0e32700cbec356280c0e835df425a3be4bc1e0627b714330ad9d0f05497f", [:mix], [], "hexpm", "3dca286b2186055ba0c9449b4e95b97bf1b57b47c1f2644555879e659960c224"},
  "date_time_parser": {:hex, :date_time_parser, "1.2.0", "3d5a816b91967f51e0f94dcb16a34b2cb780f22cd48931779e81d72f7d3eadb1", [:mix], [{:kday, "~> 1.0", [hex: :kday, repo: "hexpm", optional: false]}], "hexpm", "0cf09ada9f42c0b3bfba02dc0ea2e4b4d2f543d9d2bf99b831a29e6b4a4160e5"},
  "deep_merge": {:hex, :deep_merge, "1.0.0", "b4aa1a0d1acac393bdf38b2291af38cb1d4a52806cf7a4906f718e1feb5ee961", [:mix], [], "hexpm", "ce708e5f094b9cd4e8f2be4f00d2f4250c4095be93f8cd6d018c753894885430"},
  "easyxml": {:git, "https://github.com/wojtekmach/easyxml.git", "0cd453116efe395cfe04baaeb9df93ec5cc86d36", [branch: "main"]},
  "file_system": {:hex, :file_system, "1.1.0", "08d232062284546c6c34426997dd7ef6ec9f8bbd090eb91780283c9016840e8f", [:mix], [], "hexpm", "bfcf81244f416871f2a2e15c1b515287faa5db9c6bcf290222206d120b3d43f6"},
  "finch": {:hex, :finch, "0.17.0", "17d06e1d44d891d20dbd437335eebe844e2426a0cd7e3a3e220b461127c73f70", [:mix], [{:castore, "~> 0.1 or ~> 1.0", [hex: :castore, repo: "hexpm", optional: false]}, {:mime, "~> 1.0 or ~> 2.0", [hex: :mime, repo: "hexpm", optional: false]}, {:mint, "~> 1.3", [hex: :mint, repo: "hexpm", optional: false]}, {:nimble_options, "~> 0.4 or ~> 1.0", [hex: :nimble_options, repo: "hexpm", optional: false]}, {:nimble_pool, "~> 0.2.6 or ~> 1.0", [hex: :nimble_pool, repo: "hexpm", optional: false]}, {:telemetry, "~> 0.4 or ~> 1.0", [hex: :telemetry, repo: "hexpm", optional: false]}], "hexpm", "8d014a661bb6a437263d4b5abf0bcbd3cf0deb26b1e8596f2a271d22e48934c7"},
  "floki": {:hex, :floki, "0.37.0", "b83e0280bbc6372f2a403b2848013650b16640cd2470aea6701f0632223d719e", [:mix], [], "hexpm", "516a0c15a69f78c47dc8e0b9b3724b29608aa6619379f91b1ffa47109b5d0dd3"},
  "hpax": {:hex, :hpax, "1.0.2", "762df951b0c399ff67cc57c3995ec3cf46d696e41f0bba17da0518d94acd4aac", [:mix], [], "hexpm", "2f09b4c1074e0abd846747329eaa26d535be0eb3d189fa69d812bfb8bfefd32f"},
  "html_entities": {:hex, :html_entities, "0.5.2", "9e47e70598da7de2a9ff6af8758399251db6dbb7eebe2b013f2bbd2515895c3c", [:mix], [], "hexpm", "c53ba390403485615623b9531e97696f076ed415e8d8058b1dbaa28181f4fdcc"},
  "jason": {:hex, :jason, "1.4.4", "b9226785a9aa77b6857ca22832cffa5d5011a667207eb2a0ad56adb5db443b8a", [:mix], [{:decimal, "~> 1.0 or ~> 2.0", [hex: :decimal, repo: "hexpm", optional: true]}], "hexpm", "c5eb0cab91f094599f94d55bc63409236a8ec69a21a67814529e8d5f6cc90b3b"},
  "kday": {:hex, :kday, "1.1.0", "64efac85279a12283eaaf3ad6f13001ca2dff943eda8c53288179775a8c057a0", [:mix], [{:ex_doc, "~> 0.21", [hex: :ex_doc, repo: "hexpm", optional: true]}], "hexpm", "69703055d63b8d5b260479266c78b0b3e66f7aecdd2022906cd9bf09892a266d"},
  "libgraph": {:hex, :libgraph, "0.16.0", "3936f3eca6ef826e08880230f806bfea13193e49bf153f93edcf0239d4fd1d07", [:mix], [], "hexpm", "41ca92240e8a4138c30a7e06466acc709b0cbb795c643e9e17174a178982d6bf"},
  "mdex": {:hex, :mdex, "0.2.0", "af93e03bc964f2628c3940d22ba03435b119e070bd423fd62d31772d428a7e6c", [:mix], [{:rustler, "~> 0.32", [hex: :rustler, repo: "hexpm", optional: true]}, {:rustler_precompiled, "~> 0.7", [hex: :rustler_precompiled, repo: "hexpm", optional: false]}], "hexpm", "d8d21d3d6ecb0b2a10f88b539f3a61df974f9570226bf6bd24404c9e361c8089"},
  "mime": {:hex, :mime, "2.0.6", "8f18486773d9b15f95f4f4f1e39b710045fa1de891fada4516559967276e4dc2", [:mix], [], "hexpm", "c9945363a6b26d747389aac3643f8e0e09d30499a138ad64fe8fd1d13d9b153e"},
  "mint": {:hex, :mint, "1.6.2", "af6d97a4051eee4f05b5500671d47c3a67dac7386045d87a904126fd4bbcea2e", [:mix], [{:castore, "~> 0.1.0 or ~> 1.0", [hex: :castore, repo: "hexpm", optional: true]}, {:hpax, "~> 0.1.1 or ~> 0.2.0 or ~> 1.0", [hex: :hpax, repo: "hexpm", optional: false]}], "hexpm", "5ee441dffc1892f1ae59127f74afe8fd82fda6587794278d924e4d90ea3d63f9"},
  "nimble_options": {:hex, :nimble_options, "1.1.0", "3b31a57ede9cb1502071fade751ab0c7b8dbe75a9a4c2b5bbb0943a690b63172", [:mix], [], "hexpm", "8bbbb3941af3ca9acc7835f5655ea062111c9c27bcac53e004460dfd19008a99"},
  "nimble_pool": {:hex, :nimble_pool, "1.0.0", "5eb82705d138f4dd4423f69ceb19ac667b3b492ae570c9f5c900bb3d2f50a847", [:mix], [], "hexpm", "80be3b882d2d351882256087078e1b1952a28bf98d0a287be87e4a24a710b67a"},
  "nodejs": {:hex, :nodejs, "3.1.0", "904c07b81a7b6077af35784df32ab36c62bd2b96edb91bfd04c157c21956cfa5", [:mix], [{:jason, "~> 1.0", [hex: :jason, repo: "hexpm", optional: false]}, {:poolboy, "~> 1.5.1", [hex: :poolboy, repo: "hexpm", optional: false]}, {:ssl_verify_fun, "~> 1.1.7", [hex: :ssl_verify_fun, repo: "hexpm", optional: false]}], "hexpm", "a6b4480f3f266abb5927be8afacfc7809feefd7d1337fa3ce957d0b98eeeae52"},
  "phoenix_html": {:hex, :phoenix_html, "4.1.1", "4c064fd3873d12ebb1388425a8f2a19348cef56e7289e1998e2d2fa758aa982e", [:mix], [], "hexpm", "f2f2df5a72bc9a2f510b21497fd7d2b86d932ec0598f0210fed4114adc546c6f"},
  "plug": {:hex, :plug, "1.16.1", "40c74619c12f82736d2214557dedec2e9762029b2438d6d175c5074c933edc9d", [:mix], [{:mime, "~> 1.0 or ~> 2.0", [hex: :mime, repo: "hexpm", optional: false]}, {:plug_crypto, "~> 1.1.1 or ~> 1.2 or ~> 2.0", [hex: :plug_crypto, repo: "hexpm", optional: false]}, {:telemetry, "~> 0.4.3 or ~> 1.0", [hex: :telemetry, repo: "hexpm", optional: false]}], "hexpm", "a13ff6b9006b03d7e33874945b2755253841b238c34071ed85b0e86057f8cddc"},
  "plug_crypto": {:hex, :plug_crypto, "2.1.0", "f44309c2b06d249c27c8d3f65cfe08158ade08418cf540fd4f72d4d6863abb7b", [:mix], [], "hexpm", "131216a4b030b8f8ce0f26038bc4421ae60e4bb95c5cf5395e1421437824c4fa"},
  "plug_static_index_html": {:hex, :plug_static_index_html, "1.0.0", "840123d4d3975585133485ea86af73cb2600afd7f2a976f9f5fd8b3808e636a0", [:mix], [{:plug, "~> 1.0", [hex: :plug, repo: "hexpm", optional: false]}], "hexpm", "79fd4fcf34d110605c26560cbae8f23c603ec4158c08298bd4360fdea90bb5cf"},
  "poolboy": {:hex, :poolboy, "1.5.2", "392b007a1693a64540cead79830443abf5762f5d30cf50bc95cb2c1aaafa006b", [:rebar3], [], "hexpm", "dad79704ce5440f3d5a3681c8590b9dc25d1a561e8f5a9c995281012860901e3"},
  "req": {:hex, :req, "0.4.8", "2b754a3925ddbf4ad78c56f30208ced6aefe111a7ea07fb56c23dccc13eb87ae", [:mix], [{:brotli, "~> 0.3.1", [hex: :brotli, repo: "hexpm", optional: true]}, {:ezstd, "~> 1.0", [hex: :ezstd, repo: "hexpm", optional: true]}, {:finch, "~> 0.9", [hex: :finch, repo: "hexpm", optional: false]}, {:jason, "~> 1.0", [hex: :jason, repo: "hexpm", optional: false]}, {:mime, "~> 1.6 or ~> 2.0", [hex: :mime, repo: "hexpm", optional: false]}, {:nimble_csv, "~> 1.0", [hex: :nimble_csv, repo: "hexpm", optional: true]}, {:plug, "~> 1.0", [hex: :plug, repo: "hexpm", optional: true]}], "hexpm", "7146e51d52593bb7f20d00b5308a5d7d17d663d6e85cd071452b613a8277100c"},
  "rustler_precompiled": {:hex, :rustler_precompiled, "0.8.2", "5f25cbe220a8fac3e7ad62e6f950fcdca5a5a5f8501835d2823e8c74bf4268d5", [:mix], [{:castore, "~> 0.1 or ~> 1.0", [hex: :castore, repo: "hexpm", optional: false]}, {:rustler, "~> 0.23", [hex: :rustler, repo: "hexpm", optional: true]}], "hexpm", "63d1bd5f8e23096d1ff851839923162096364bac8656a4a3c00d1fff8e83ee0a"},
  "schematic": {:hex, :schematic, "0.4.0", "2b3c4865c919bb9392251aba4198982f7be8785bc37c732ccfe672a3e19e4591", [:mix], [{:telemetry, "~> 0.4 or ~> 1.0", [hex: :telemetry, repo: "hexpm", optional: false]}], "hexpm", "692747901601f4b511171fbd3a4032bf13d84dc81d52e827f041373ce2035588"},
  "ssl_verify_fun": {:hex, :ssl_verify_fun, "1.1.7", "354c321cf377240c7b8716899e182ce4890c5938111a1296add3ec74cf1715df", [:make, :mix, :rebar3], [], "hexpm", "fe4c190e8f37401d30167c8c405eda19469f34577987c76dde613e838bbc67f8"},
  "statistex": {:hex, :statistex, "1.0.0", "f3dc93f3c0c6c92e5f291704cf62b99b553253d7969e9a5fa713e5481cd858a5", [:mix], [], "hexpm", "ff9d8bee7035028ab4742ff52fc80a2aa35cece833cf5319009b52f1b5a86c27"},
  "tableau": {:hex, :tableau, "0.20.1", "e5e3bbff55367e05fc1ca5c06f24ef0652e8e3bd4d9d205abc10550526355414", [:mix], [{:bandit, "~> 1.0", [hex: :bandit, repo: "hexpm", optional: false]}, {:date_time_parser, "~> 1.2", [hex: :date_time_parser, repo: "hexpm", optional: false]}, {:floki, "~> 0.34", [hex: :floki, repo: "hexpm", optional: false]}, {:html_entities, "~> 0.5.2", [hex: :html_entities, repo: "hexpm", optional: false]}, {:libgraph, "~> 0.16.0", [hex: :libgraph, repo: "hexpm", optional: false]}, {:mdex, "~> 0.2.0", [hex: :mdex, repo: "hexpm", optional: false]}, {:plug_static_index_html, "~> 1.0", [hex: :plug_static_index_html, repo: "hexpm", optional: false]}, {:schematic, "~> 0.4", [hex: :schematic, repo: "hexpm", optional: false]}, {:tz, "~> 0.28.1", [hex: :tz, repo: "hexpm", optional: false]}, {:web_dev_utils, "~> 0.2", [hex: :web_dev_utils, repo: "hexpm", optional: false]}, {:websock_adapter, "~> 0.5", [hex: :websock_adapter, repo: "hexpm", optional: false]}, {:xml_builder, "~> 2.1", [hex: :xml_builder, repo: "hexpm", optional: false]}, {:yaml_elixir, "~> 2.9", [hex: :yaml_elixir, repo: "hexpm", optional: false]}], "hexpm", "7bee4859b36d66b73b121cbf5b7b213a4cc92f036bf840cfdba6da5f96b6751c"},
  "tableau_og_extension": {:hex, :tableau_og_extension, "0.2.0", "dafdabef4781e2789ada779717ffa559991833b70345685d5df2483ffbe37ff0", [:mix], [{:nodejs, "~> 3.1", [hex: :nodejs, repo: "hexpm", optional: false]}, {:tableau, "~> 0.18", [hex: :tableau, repo: "hexpm", optional: false]}], "hexpm", "55708644e94009612e78e2b906e26e17e85616fb97fbc8fbaf72e7127c15a455"},
  "telemetry": {:hex, :telemetry, "1.3.0", "fedebbae410d715cf8e7062c96a1ef32ec22e764197f70cda73d82778d61e7a2", [:rebar3], [], "hexpm", "7015fc8919dbe63764f4b4b87a95b7c0996bd539e0d499be6ec9d7f3875b79e6"},
  "temple": {:hex, :temple, "0.12.1", "cf38165c42ba2cd90661f95583e799ef0c5bc4293325b855c647288e81436807", [:mix], [{:floki, ">= 0.0.0", [hex: :floki, repo: "hexpm", optional: false]}, {:phoenix_html, "~> 3.2 or ~> 4.0", [hex: :phoenix_html, repo: "hexpm", optional: false]}, {:typed_struct, "~> 0.3", [hex: :typed_struct, repo: "hexpm", optional: false]}], "hexpm", "484deb5b38f9f7034c60787a763f13750f9db8e54218cd0b8a9a87360192b041"},
  "thousand_island": {:hex, :thousand_island, "1.3.9", "095db3e2650819443e33237891271943fad3b7f9ba341073947581362582ab5a", [:mix], [{:telemetry, "~> 0.4 or ~> 1.0", [hex: :telemetry, repo: "hexpm", optional: false]}], "hexpm", "25ab4c07badadf7f87adb4ab414e0ed374e5f19e72503aa85132caa25776e54f"},
  "typed_struct": {:hex, :typed_struct, "0.3.0", "939789e3c1dca39d7170c87f729127469d1315dcf99fee8e152bb774b17e7ff7", [:mix], [], "hexpm", "c50bd5c3a61fe4e198a8504f939be3d3c85903b382bde4865579bc23111d1b6d"},
  "tz": {:hex, :tz, "0.28.1", "717f5ffddfd1e475e2a233e221dc0b4b76c35c4b3650b060c8e3ba29dd6632e9", [:mix], [{:castore, "~> 0.1 or ~> 1.0", [hex: :castore, repo: "hexpm", optional: true]}, {:mint, "~> 1.6", [hex: :mint, repo: "hexpm", optional: true]}], "hexpm", "bfdca1aa1902643c6c43b77c1fb0cb3d744fd2f09a8a98405468afdee0848c8a"},
  "web_dev_utils": {:hex, :web_dev_utils, "0.2.0", "3bcd109d1ac18445d06db095d5cfdca5de7586022641c0b09b0702788b8e4ea8", [:mix], [{:file_system, "~> 1.0", [hex: :file_system, repo: "hexpm", optional: false]}], "hexpm", "595e9bd35440ea2add0156ae9e68e578d986805d801dacf22b13067ca48980ed"},
  "websock": {:hex, :websock, "0.5.3", "2f69a6ebe810328555b6fe5c831a851f485e303a7c8ce6c5f675abeb20ebdadc", [:mix], [], "hexpm", "6105453d7fac22c712ad66fab1d45abdf049868f253cf719b625151460b8b453"},
  "websock_adapter": {:hex, :websock_adapter, "0.5.8", "3b97dc94e407e2d1fc666b2fb9acf6be81a1798a2602294aac000260a7c4a47d", [:mix], [{:bandit, ">= 0.6.0", [hex: :bandit, repo: "hexpm", optional: true]}, {:plug, "~> 1.14", [hex: :plug, repo: "hexpm", optional: false]}, {:plug_cowboy, "~> 2.6", [hex: :plug_cowboy, repo: "hexpm", optional: true]}, {:websock, "~> 0.5", [hex: :websock, repo: "hexpm", optional: false]}], "hexpm", "315b9a1865552212b5f35140ad194e67ce31af45bcee443d4ecb96b5fd3f3782"},
  "xml_builder": {:hex, :xml_builder, "2.3.0", "69d214c6ad41ae1300b36acff4367551cdfd9dc1b860affc16e103c6b1589053", [:mix], [], "hexpm", "972ec33346a225cd5acd14ab23d4e79042bd37cb904e07e24cd06992dde1a0ed"},
  "yamerl": {:hex, :yamerl, "0.10.0", "4ff81fee2f1f6a46f1700c0d880b24d193ddb74bd14ef42cb0bcf46e81ef2f8e", [:rebar3], [], "hexpm", "346adb2963f1051dc837a2364e4acf6eb7d80097c0f53cbdc3046ec8ec4b4e6e"},
  "yaml_elixir": {:hex, :yaml_elixir, "2.11.0", "9e9ccd134e861c66b84825a3542a1c22ba33f338d82c07282f4f1f52d847bd50", [:mix], [{:yamerl, "~> 0.10", [hex: :yamerl, repo: "hexpm", optional: false]}], "hexpm", "53cc28357ee7eb952344995787f4bb8cc3cecbf189652236e9b163e8ce1bc242"},
}
